
Microsoft Visual Studio Solution File, Format Version 12.00
Project("{FAE04EC0-301F-11D3-BF4B-00C04F79EFBC}") = "ConsoleApp1", "ConsoleApp1\ConsoleApp1.csproj", "{75F14E3A-7F93-4349-9288-A07427E32FBE}"
EndProject
Global
	GlobalSection(SolutionConfigurationPlatforms) = preSolution
		Debug|Any CPU = Debug|Any CPU
		Release|Any CPU = Release|Any CPU
	EndGlobalSection
	GlobalSection(ProjectConfigurationPlatforms) = postSolution
		{75F14E3A-7F93-4349-9288-A07427E32FBE}.Debug|Any CPU.ActiveCfg = Debug|Any CPU
		{75F14E3A-7F93-4349-9288-A07427E32FBE}.Debug|Any CPU.Build.0 = Debug|Any CPU
		{75F14E3A-7F93-4349-9288-A07427E32FBE}.Release|Any CPU.ActiveCfg = Release|Any CPU
		{75F14E3A-7F93-4349-9288-A07427E32FBE}.Release|Any CPU.Build.0 = Release|Any CPU
	EndGlobalSection
EndGlobal
