
Microsoft Visual Studio Solution File, Format Version 12.00
Project("{FAE04EC0-301F-11D3-BF4B-00C04F79EFBC}") = "Hw 07.04", "Hw 07.04\Hw 07.04.csproj", "{62BE293A-44A3-4BDB-A888-C98AB6CF5894}"
EndProject
Global
	GlobalSection(SolutionConfigurationPlatforms) = preSolution
		Debug|Any CPU = Debug|Any CPU
		Release|Any CPU = Release|Any CPU
	EndGlobalSection
	GlobalSection(ProjectConfigurationPlatforms) = postSolution
		{62BE293A-44A3-4BDB-A888-C98AB6CF5894}.Debug|Any CPU.ActiveCfg = Debug|Any CPU
		{62BE293A-44A3-4BDB-A888-C98AB6CF5894}.Debug|Any CPU.Build.0 = Debug|Any CPU
		{62BE293A-44A3-4BDB-A888-C98AB6CF5894}.Release|Any CPU.ActiveCfg = Release|Any CPU
		{62BE293A-44A3-4BDB-A888-C98AB6CF5894}.Release|Any CPU.Build.0 = Release|Any CPU
	EndGlobalSection
EndGlobal
